<?xml version="1.0" encoding="utf-8"?>
<Project ToolsVersion="4.0" xmlns="http://schemas.microsoft.com/developer/msbuild/2003">
  <ItemGroup>
    <Filter Include="Source Files">
      <UniqueIdentifier>{4FC737F1-C7A5-4376-A066-2A32D752A2FF}</UniqueIdentifier>
      <Extensions>cpp;c;cc;cxx;c++;cppm;ixx;def;odl;idl;hpj;bat;asm;asmx</Extensions>
    </Filter>
    <Filter Include="Header Files">
      <UniqueIdentifier>{93995380-89BD-4b04-88EB-625FBE52EBFB}</UniqueIdentifier>
      <Extensions>h;hh;hpp;hxx;h++;hm;inl;inc;ipp;xsd</Extensions>
    </Filter>
    <Filter Include="GrammarFiles">
      <UniqueIdentifier>{67DA6AB6-F800-4c08-8B7A-83BB121AAD01}</UniqueIdentifier>
      <Extensions>rc;ico;cur;bmp;dlg;rc2;rct;bin;rgs;gif;jpg;jpeg;jpe;resx;tiff;tif;png;wav;mfcribbon-ms</Extensions>
    </Filter>
    <Filter Include="Testbench">
      <UniqueIdentifier>{67f995ff-e21c-4325-8df8-e4881ca83f1d}</UniqueIdentifier>
    </Filter>
  </ItemGroup>
  <ItemGroup>
    <Flex Include="Intro.l">
      <Filter>GrammarFiles</Filter>
    </Flex>
  </ItemGroup>
  <ItemGroup>
    <Bison Include="Intro.y">
      <Filter>GrammarFiles</Filter>
    </Bison>
  </ItemGroup>
  <ItemGroup>
    <ClCompile Include="Intro.flex.cpp">
      <Filter>Source Files</Filter>
    </ClCompile>
    <ClCompile Include="Intro.tab.cpp">
      <Filter>Source Files</Filter>
    </ClCompile>
    <ClCompile Include="main.cpp">
      <Filter>Source Files</Filter>
    </ClCompile>
    <ClCompile Include="STNode.cpp">
      <Filter>Source Files</Filter>
    </ClCompile>
    <ClCompile Include="Symbol.cpp">
      <Filter>Source Files</Filter>
    </ClCompile>
  </ItemGroup>
  <ItemGroup>
    <ClInclude Include="Intro.tab.h">
      <Filter>Header Files</Filter>
    </ClInclude>
    <ClInclude Include="STNode.h">
      <Filter>Header Files</Filter>
    </ClInclude>
    <ClInclude Include="SymbolTable.h">
      <Filter>Header Files</Filter>
    </ClInclude>
  </ItemGroup>
  <ItemGroup>
    <None Include="Intro.output" />
    <None Include="SyntaxTree.dot" />
  </ItemGroup>
  <ItemGroup>
    <Text Include="test.txt" />
  </ItemGroup>
  <ItemGroup>
    <Image Include="SyntaxTree.gif" />
  </ItemGroup>
</Project>